
Microsoft Visual Studio Solution File, Format Version 12.00
# Visual Studio Version 17
VisualStudioVersion = 17.3.32929.385
MinimumVisualStudioVersion = 10.0.40219.1
Project("{FAE04EC0-301F-11D3-BF4B-00C04F79EFBC}") = "CITools", "CITools.csproj", "{186A6033-1B33-4704-8363-30DD74121D0F}"
EndProject
Global
	GlobalSection(SolutionConfigurationPlatforms) = preSolution
		Debug|Any CPU = Debug|Any CPU
		Release|Any CPU = Release|Any CPU
	EndGlobalSection
	GlobalSection(ProjectConfigurationPlatforms) = postSolution
		{186A6033-1B33-4704-8363-30DD74121D0F}.Debug|Any CPU.ActiveCfg = Debug|Any CPU
		{186A6033-1B33-4704-8363-30DD74121D0F}.Debug|Any CPU.Build.0 = Debug|Any CPU
		{186A6033-1B33-4704-8363-30DD74121D0F}.Release|Any CPU.ActiveCfg = Release|Any CPU
		{186A6033-1B33-4704-8363-30DD74121D0F}.Release|Any CPU.Build.0 = Release|Any CPU
	EndGlobalSection
	GlobalSection(SolutionProperties) = preSolution
		HideSolutionNode = FALSE
	EndGlobalSection
	GlobalSection(ExtensibilityGlobals) = postSolution
		SolutionGuid = {DAC816B6-000F-4345-85F6-4DDDC0ADFA29}
	EndGlobalSection
EndGlobal
